
Microsoft Visual Studio Solution File, Format Version 12.00
# Visual Studio Version 17
VisualStudioVersion = 17.2.32516.85
MinimumVisualStudioVersion = 10.0.40219.1
Project("{FAE04EC0-301F-11D3-BF4B-00C04F79EFBC}") = "PlungerMonkey", "PlungerMonkey\PlungerMonkey.csproj", "{AA79F1C2-DC92-49A1-8C09-9D49F671F8AD}"
EndProject
Global
	GlobalSection(SolutionConfigurationPlatforms) = preSolution
		Debug|Any CPU = Debug|Any CPU
		Release|Any CPU = Release|Any CPU
	EndGlobalSection
	GlobalSection(ProjectConfigurationPlatforms) = postSolution
		{AA79F1C2-DC92-49A1-8C09-9D49F671F8AD}.Debug|Any CPU.ActiveCfg = Debug|Any CPU
		{AA79F1C2-DC92-49A1-8C09-9D49F671F8AD}.Debug|Any CPU.Build.0 = Debug|Any CPU
		{AA79F1C2-DC92-49A1-8C09-9D49F671F8AD}.Release|Any CPU.ActiveCfg = Release|Any CPU
		{AA79F1C2-DC92-49A1-8C09-9D49F671F8AD}.Release|Any CPU.Build.0 = Release|Any CPU
	EndGlobalSection
	GlobalSection(SolutionProperties) = preSolution
		HideSolutionNode = FALSE
	EndGlobalSection
	GlobalSection(ExtensibilityGlobals) = postSolution
		SolutionGuid = {6701F492-A3F9-4797-82C0-7D0FE8412C70}
	EndGlobalSection
EndGlobal
